<?xml version="1.0" encoding="utf-8"?>
<Project ToolsVersion="17.0" xmlns="http://schemas.microsoft.com/developer/msbuild/2003">
  <ItemGroup>
    <ClCompile Include="D:\PythonApps\CarRentalSystem\CarRentalSystem.cpp">
      <Filter>Source Files</Filter>
    </ClCompile>
    <ClCompile Include="D:\PythonApps\CarRentalSystem\FileHandler.cpp">
      <Filter>Source Files</Filter>
    </ClCompile>
    <ClCompile Include="D:\PythonApps\CarRentalSystem\Objects.cpp">
      <Filter>Source Files</Filter>
    </ClCompile>
    <ClCompile Include="D:\PythonApps\CarRentalSystem\ConsoleController.cpp">
      <Filter>Source Files</Filter>
    </ClCompile>
    <ClCompile Include="D:\PythonApps\CarRentalSystem\Main.cpp">
      <Filter>Source Files</Filter>
    </ClCompile>
  </ItemGroup>
  <ItemGroup>
    <ClInclude Include="D:\PythonApps\CarRentalSystem\CarRentalSystem.h">
      <Filter>Header Files</Filter>
    </ClInclude>
    <ClInclude Include="D:\PythonApps\CarRentalSystem\FileHandler.h">
      <Filter>Header Files</Filter>
    </ClInclude>
    <ClInclude Include="D:\PythonApps\CarRentalSystem\Objects.h">
      <Filter>Header Files</Filter>
    </ClInclude>
    <ClInclude Include="D:\PythonApps\CarRentalSystem\Main.h">
      <Filter>Header Files</Filter>
    </ClInclude>
  </ItemGroup>
  <ItemGroup>
    <CustomBuild Include="D:\PythonApps\CarRentalSystem\CMakeLists.txt" />
  </ItemGroup>
  <ItemGroup>
    <Filter Include="Header Files">
      <UniqueIdentifier>{7EB69AFE-7D60-32DF-B070-70FFB9FE1042}</UniqueIdentifier>
    </Filter>
    <Filter Include="Source Files">
      <UniqueIdentifier>{337D32CD-DD30-383B-A864-BBCA1ECA1EC5}</UniqueIdentifier>
    </Filter>
  </ItemGroup>
</Project>
