
Microsoft Visual Studio Solution File, Format Version 12.00
# Visual Studio Version 17
Project("{8BC9CEB8-8B4A-11D0-8D11-00A0C91BC942}") = "ALL_BUILD", "ALL_BUILD.vcxproj", "{1A46C469-CFDE-3F37-9650-FD964FCD947D}"
	ProjectSection(ProjectDependencies) = postProject
		{E3A88816-B70F-3F4F-AEAF-6294AA5BCA6B} = {E3A88816-B70F-3F4F-AEAF-6294AA5BCA6B}
		{C735389A-A416-3D3A-A632-59C506109633} = {C735389A-A416-3D3A-A632-59C506109633}
	EndProjectSection
EndProject
Project("{8BC9CEB8-8B4A-11D0-8D11-00A0C91BC942}") = "CarRentalSystem", "CarRentalSystem.vcxproj", "{E3A88816-B70F-3F4F-AEAF-6294AA5BCA6B}"
	ProjectSection(ProjectDependencies) = postProject
		{C735389A-A416-3D3A-A632-59C506109633} = {C735389A-A416-3D3A-A632-59C506109633}
	EndProjectSection
EndProject
Project("{8BC9CEB8-8B4A-11D0-8D11-00A0C91BC942}") = "ZERO_CHECK", "ZERO_CHECK.vcxproj", "{C735389A-A416-3D3A-A632-59C506109633}"
	ProjectSection(ProjectDependencies) = postProject
	EndProjectSection
EndProject
Global
	GlobalSection(SolutionConfigurationPlatforms) = preSolution
		Debug|x64 = Debug|x64
		Release|x64 = Release|x64
		MinSizeRel|x64 = MinSizeRel|x64
		RelWithDebInfo|x64 = RelWithDebInfo|x64
	EndGlobalSection
	GlobalSection(ProjectConfigurationPlatforms) = postSolution
		{1A46C469-CFDE-3F37-9650-FD964FCD947D}.Debug|x64.ActiveCfg = Debug|x64
		{1A46C469-CFDE-3F37-9650-FD964FCD947D}.Release|x64.ActiveCfg = Release|x64
		{1A46C469-CFDE-3F37-9650-FD964FCD947D}.MinSizeRel|x64.ActiveCfg = MinSizeRel|x64
		{1A46C469-CFDE-3F37-9650-FD964FCD947D}.RelWithDebInfo|x64.ActiveCfg = RelWithDebInfo|x64
		{E3A88816-B70F-3F4F-AEAF-6294AA5BCA6B}.Debug|x64.ActiveCfg = Debug|x64
		{E3A88816-B70F-3F4F-AEAF-6294AA5BCA6B}.Debug|x64.Build.0 = Debug|x64
		{E3A88816-B70F-3F4F-AEAF-6294AA5BCA6B}.Release|x64.ActiveCfg = Release|x64
		{E3A88816-B70F-3F4F-AEAF-6294AA5BCA6B}.Release|x64.Build.0 = Release|x64
		{E3A88816-B70F-3F4F-AEAF-6294AA5BCA6B}.MinSizeRel|x64.ActiveCfg = MinSizeRel|x64
		{E3A88816-B70F-3F4F-AEAF-6294AA5BCA6B}.MinSizeRel|x64.Build.0 = MinSizeRel|x64
		{E3A88816-B70F-3F4F-AEAF-6294AA5BCA6B}.RelWithDebInfo|x64.ActiveCfg = RelWithDebInfo|x64
		{E3A88816-B70F-3F4F-AEAF-6294AA5BCA6B}.RelWithDebInfo|x64.Build.0 = RelWithDebInfo|x64
		{C735389A-A416-3D3A-A632-59C506109633}.Debug|x64.ActiveCfg = Debug|x64
		{C735389A-A416-3D3A-A632-59C506109633}.Debug|x64.Build.0 = Debug|x64
		{C735389A-A416-3D3A-A632-59C506109633}.Release|x64.ActiveCfg = Release|x64
		{C735389A-A416-3D3A-A632-59C506109633}.Release|x64.Build.0 = Release|x64
		{C735389A-A416-3D3A-A632-59C506109633}.MinSizeRel|x64.ActiveCfg = MinSizeRel|x64
		{C735389A-A416-3D3A-A632-59C506109633}.MinSizeRel|x64.Build.0 = MinSizeRel|x64
		{C735389A-A416-3D3A-A632-59C506109633}.RelWithDebInfo|x64.ActiveCfg = RelWithDebInfo|x64
		{C735389A-A416-3D3A-A632-59C506109633}.RelWithDebInfo|x64.Build.0 = RelWithDebInfo|x64
	EndGlobalSection
	GlobalSection(ExtensibilityGlobals) = postSolution
		SolutionGuid = {CB26410A-30E0-3380-868D-1AAD5623CAFC}
	EndGlobalSection
	GlobalSection(ExtensibilityAddIns) = postSolution
	EndGlobalSection
EndGlobal
